
Microsoft Visual Studio Solution File, Format Version 12.00
# Visual Studio 15
VisualStudioVersion = 15.0.27130.2010
MinimumVisualStudioVersion = 10.0.40219.1
Project("{FAE04EC0-301F-11D3-BF4B-00C04F79EFBC}") = "Smc", "smc\Smc.csproj", "{43C2B812-26ED-4A98-9EFA-525B6DF3C2F1}"
EndProject
Project("{FAE04EC0-301F-11D3-BF4B-00C04F79EFBC}") = "SmcTest", "smcTest\SmcTest.csproj", "{AB12922F-C402-400F-9BC3-6EE3BBC4AD13}"
EndProject
Global
	GlobalSection(SolutionConfigurationPlatforms) = preSolution
		Debug|Any CPU = Debug|Any CPU
		Release|Any CPU = Release|Any CPU
	EndGlobalSection
	GlobalSection(ProjectConfigurationPlatforms) = postSolution
		{43C2B812-26ED-4A98-9EFA-525B6DF3C2F1}.Debug|Any CPU.ActiveCfg = Debug|Any CPU
		{43C2B812-26ED-4A98-9EFA-525B6DF3C2F1}.Debug|Any CPU.Build.0 = Debug|Any CPU
		{43C2B812-26ED-4A98-9EFA-525B6DF3C2F1}.Release|Any CPU.ActiveCfg = Release|Any CPU
		{43C2B812-26ED-4A98-9EFA-525B6DF3C2F1}.Release|Any CPU.Build.0 = Release|Any CPU
		{AB12922F-C402-400F-9BC3-6EE3BBC4AD13}.Debug|Any CPU.ActiveCfg = Debug|Any CPU
		{AB12922F-C402-400F-9BC3-6EE3BBC4AD13}.Debug|Any CPU.Build.0 = Debug|Any CPU
		{AB12922F-C402-400F-9BC3-6EE3BBC4AD13}.Release|Any CPU.ActiveCfg = Release|Any CPU
		{AB12922F-C402-400F-9BC3-6EE3BBC4AD13}.Release|Any CPU.Build.0 = Release|Any CPU
	EndGlobalSection
	GlobalSection(SolutionProperties) = preSolution
		HideSolutionNode = FALSE
	EndGlobalSection
	GlobalSection(ExtensibilityGlobals) = postSolution
		SolutionGuid = {4A3DCA97-AEC9-43CD-A310-68305DDA9F10}
	EndGlobalSection
EndGlobal
